
Microsoft Visual Studio Solution File, Format Version 12.00
# Visual Studio Version 16
VisualStudioVersion = 16.0.30711.63
MinimumVisualStudioVersion = 10.0.40219.1
Project("{FAE04EC0-301F-11D3-BF4B-00C04F79EFBC}") = "WpfApp1", "WpfApp1.csproj", "{32AC8767-3008-42DB-A4CE-8B9291072775}"
EndProject
Global
	GlobalSection(SolutionConfigurationPlatforms) = preSolution
		Debug|Any CPU = Debug|Any CPU
		Release|Any CPU = Release|Any CPU
	EndGlobalSection
	GlobalSection(ProjectConfigurationPlatforms) = postSolution
		{32AC8767-3008-42DB-A4CE-8B9291072775}.Debug|Any CPU.ActiveCfg = Debug|Any CPU
		{32AC8767-3008-42DB-A4CE-8B9291072775}.Debug|Any CPU.Build.0 = Debug|Any CPU
		{32AC8767-3008-42DB-A4CE-8B9291072775}.Release|Any CPU.ActiveCfg = Release|Any CPU
		{32AC8767-3008-42DB-A4CE-8B9291072775}.Release|Any CPU.Build.0 = Release|Any CPU
	EndGlobalSection
	GlobalSection(SolutionProperties) = preSolution
		HideSolutionNode = FALSE
	EndGlobalSection
	GlobalSection(ExtensibilityGlobals) = postSolution
		SolutionGuid = {14545C64-BB44-4A74-A588-EEBBD595098C}
	EndGlobalSection
EndGlobal
